// !$*UTF8*$!
{
	archiveVersion = 1;
	classes = {
	};
	objectVersion = 56;
	objects = {

/* Begin PBXBuildFile section */
		5D01E62C2A0FB00A00D12842 /* UserInfoViewController.swift in Sources */ = {isa = PBXBuildFile; fileRef = 5D01E62B2A0FB00A00D12842 /* UserInfoViewController.swift */; };
		5D01E62E2A0FB28B00D12842 /* BioDetailsViewController.swift in Sources */ = {isa = PBXBuildFile; fileRef = 5D01E62D2A0FB28B00D12842 /* BioDetailsViewController.swift */; };
		5D01E6302A0FB31100D12842 /* Model.swift in Sources */ = {isa = PBXBuildFile; fileRef = 5D01E62F2A0FB31100D12842 /* Model.swift */; };
		5D12354E2A0A51B5000BD441 /* AppDelegate.swift in Sources */ = {isa = PBXBuildFile; fileRef = 5D12354D2A0A51B5000BD441 /* AppDelegate.swift */; };
		5D1235502A0A51B5000BD441 /* SceneDelegate.swift in Sources */ = {isa = PBXBuildFile; fileRef = 5D12354F2A0A51B5000BD441 /* SceneDelegate.swift */; };
		5D1235522A0A51B5000BD441 /* LoginViewController.swift in Sources */ = {isa = PBXBuildFile; fileRef = 5D1235512A0A51B5000BD441 /* LoginViewController.swift */; };
		5D1235552A0A51B5000BD441 /* Main.storyboard in Resources */ = {isa = PBXBuildFile; fileRef = 5D1235532A0A51B5000BD441 /* Main.storyboard */; };
		5D1235572A0A51B6000BD441 /* Assets.xcassets in Resources */ = {isa = PBXBuildFile; fileRef = 5D1235562A0A51B6000BD441 /* Assets.xcassets */; };
		5D12355A2A0A51B6000BD441 /* LaunchScreen.storyboard in Resources */ = {isa = PBXBuildFile; fileRef = 5D1235582A0A51B6000BD441 /* LaunchScreen.storyboard */; };
		5D1235622A0A59C4000BD441 /* WelcomeViewController.swift in Sources */ = {isa = PBXBuildFile; fileRef = 5D1235612A0A59C4000BD441 /* WelcomeViewController.swift */; };
/* End PBXBuildFile section */

/* Begin PBXFileReference section */
		5D01E62B2A0FB00A00D12842 /* UserInfoViewController.swift */ = {isa = PBXFileReference; lastKnownFileType = sourcecode.swift; path = UserInfoViewController.swift; sourceTree = "<group>"; };
		5D01E62D2A0FB28B00D12842 /* BioDetailsViewController.swift */ = {isa = PBXFileReference; lastKnownFileType = sourcecode.swift; path = BioDetailsViewController.swift; sourceTree = "<group>"; };
		5D01E62F2A0FB31100D12842 /* Model.swift */ = {isa = PBXFileReference; lastKnownFileType = sourcecode.swift; path = Model.swift; sourceTree = "<group>"; };
		5D12354A2A0A51B5000BD441 /* AboutMeApp.app */ = {isa = PBXFileReference; explicitFileType = wrapper.application; includeInIndex = 0; path = AboutMeApp.app; sourceTree = BUILT_PRODUCTS_DIR; };
		5D12354D2A0A51B5000BD441 /* AppDelegate.swift */ = {isa = PBXFileReference; lastKnownFileType = sourcecode.swift; path = AppDelegate.swift; sourceTree = "<group>"; };
		5D12354F2A0A51B5000BD441 /* SceneDelegate.swift */ = {isa = PBXFileReference; lastKnownFileType = sourcecode.swift; path = SceneDelegate.swift; sourceTree = "<group>"; };
		5D1235512A0A51B5000BD441 /* LoginViewController.swift */ = {isa = PBXFileReference; lastKnownFileType = sourcecode.swift; path = LoginViewController.swift; sourceTree = "<group>"; };
		5D1235542A0A51B5000BD441 /* Base */ = {isa = PBXFileReference; lastKnownFileType = file.storyboard; name = Base; path = Base.lproj/Main.storyboard; sourceTree = "<group>"; };
		5D1235562A0A51B6000BD441 /* Assets.xcassets */ = {isa = PBXFileReference; lastKnownFileType = folder.assetcatalog; path = Assets.xcassets; sourceTree = "<group>"; };
		5D1235592A0A51B6000BD441 /* Base */ = {isa = PBXFileReference; lastKnownFileType = file.storyboard; name = Base; path = Base.lproj/LaunchScreen.storyboard; sourceTree = "<group>"; };
		5D12355B2A0A51B6000BD441 /* Info.plist */ = {isa = PBXFileReference; lastKnownFileType = text.plist.xml; path = Info.plist; sourceTree = "<group>"; };
		5D1235612A0A59C4000BD441 /* WelcomeViewController.swift */ = {isa = PBXFileReference; lastKnownFileType = sourcecode.swift; path = WelcomeViewController.swift; sourceTree = "<group>"; };
/* End PBXFileReference section */

/* Begin PBXFrameworksBuildPhase section */
		5D1235472A0A51B5000BD441 /* Frameworks */ = {
			isa = PBXFrameworksBuildPhase;
			buildActionMask = 2147483647;
			files = (
			);
			runOnlyForDeploymentPostprocessing = 0;
		};
/* End PBXFrameworksBuildPhase section */

/* Begin PBXGroup section */
		5D01E6252A0FAD2A00D12842 /* App */ = {
			isa = PBXGroup;
			children = (
				5D12354D2A0A51B5000BD441 /* AppDelegate.swift */,
				5D12354F2A0A51B5000BD441 /* SceneDelegate.swift */,
				5D12355B2A0A51B6000BD441 /* Info.plist */,
			);
			path = App;
			sourceTree = "<group>";
		};
		5D01E6272A0FAD6500D12842 /* ViewControllers */ = {
			isa = PBXGroup;
			children = (
				5D1235512A0A51B5000BD441 /* LoginViewController.swift */,
				5D1235612A0A59C4000BD441 /* WelcomeViewController.swift */,
				5D01E62B2A0FB00A00D12842 /* UserInfoViewController.swift */,
				5D01E62D2A0FB28B00D12842 /* BioDetailsViewController.swift */,
			);
			path = ViewControllers;
			sourceTree = "<group>";
		};
		5D01E6282A0FAD7800D12842 /* Storyboards */ = {
			isa = PBXGroup;
			children = (
				5D1235532A0A51B5000BD441 /* Main.storyboard */,
				5D1235582A0A51B6000BD441 /* LaunchScreen.storyboard */,
			);
			path = Storyboards;
			sourceTree = "<group>";
		};
		5D01E6292A0FAD8600D12842 /* Resources */ = {
			isa = PBXGroup;
			children = (
				5D1235562A0A51B6000BD441 /* Assets.xcassets */,
			);
			path = Resources;
			sourceTree = "<group>";
		};
		5D01E62A2A0FAD9000D12842 /* Models */ = {
			isa = PBXGroup;
			children = (
				5D01E62F2A0FB31100D12842 /* Model.swift */,
			);
			path = Models;
			sourceTree = "<group>";
		};
		5D1235412A0A51B5000BD441 = {
			isa = PBXGroup;
			children = (
				5D12354C2A0A51B5000BD441 /* AboutMeApp */,
				5D12354B2A0A51B5000BD441 /* Products */,
			);
			sourceTree = "<group>";
		};
		5D12354B2A0A51B5000BD441 /* Products */ = {
			isa = PBXGroup;
			children = (
				5D12354A2A0A51B5000BD441 /* AboutMeApp.app */,
			);
			name = Products;
			sourceTree = "<group>";
		};
		5D12354C2A0A51B5000BD441 /* AboutMeApp */ = {
			isa = PBXGroup;
			children = (
				5D01E6252A0FAD2A00D12842 /* App */,
				5D01E6272A0FAD6500D12842 /* ViewControllers */,
				5D01E62A2A0FAD9000D12842 /* Models */,
				5D01E6282A0FAD7800D12842 /* Storyboards */,
				5D01E6292A0FAD8600D12842 /* Resources */,
			);
			path = AboutMeApp;
			sourceTree = "<group>";
		};
/* End PBXGroup section */

/* Begin PBXNativeTarget section */
		5D1235492A0A51B5000BD441 /* AboutMeApp */ = {
			isa = PBXNativeTarget;
			buildConfigurationList = 5D12355E2A0A51B6000BD441 /* Build configuration list for PBXNativeTarget "AboutMeApp" */;
			buildPhases = (
				5D1235462A0A51B5000BD441 /* Sources */,
				5D1235472A0A51B5000BD441 /* Frameworks */,
				5D1235482A0A51B5000BD441 /* Resources */,
			);
			buildRules = (
			);
			dependencies = (
			);
			name = AboutMeApp;
			productName = AboutMeApp;
			productReference = 5D12354A2A0A51B5000BD441 /* AboutMeApp.app */;
			productType = "com.apple.product-type.application";
		};
/* End PBXNativeTarget section */

/* Begin PBXProject section */
		5D1235422A0A51B5000BD441 /* Project object */ = {
			isa = PBXProject;
			attributes = {
				BuildIndependentTargetsInParallel = 1;
				LastSwiftUpdateCheck = 1430;
				LastUpgradeCheck = 1430;
				TargetAttributes = {
					5D1235492A0A51B5000BD441 = {
						CreatedOnToolsVersion = 14.3;
					};
				};
			};
			buildConfigurationList = 5D1235452A0A51B5000BD441 /* Build configuration list for PBXProject "AboutMeApp" */;
			compatibilityVersion = "Xcode 14.0";
			developmentRegion = en;
			hasScannedForEncodings = 0;
			knownRegions = (
				en,
				Base,
			);
			mainGroup = 5D1235412A0A51B5000BD441;
			productRefGroup = 5D12354B2A0A51B5000BD441 /* Products */;
			projectDirPath = "";
			projectRoot = "";
			targets = (
				5D1235492A0A51B5000BD441 /* AboutMeApp */,
			);
		};
/* End PBXProject section */

/* Begin PBXResourcesBuildPhase section */
		5D1235482A0A51B5000BD441 /* Resources */ = {
			isa = PBXResourcesBuildPhase;
			buildActionMask = 2147483647;
			files = (
				5D12355A2A0A51B6000BD441 /* LaunchScreen.storyboard in Resources */,
				5D1235572A0A51B6000BD441 /* Assets.xcassets in Resources */,
				5D1235552A0A51B5000BD441 /* Main.storyboard in Resources */,
			);
			runOnlyForDeploymentPostprocessing = 0;
		};
/* End PBXResourcesBuildPhase section */

/* Begin PBXSourcesBuildPhase section */
		5D1235462A0A51B5000BD441 /* Sources */ = {
			isa = PBXSourcesBuildPhase;
			buildActionMask = 2147483647;
			files = (
				5D01E6302A0FB31100D12842 /* Model.swift in Sources */,
				5D01E62E2A0FB28B00D12842 /* BioDetailsViewController.swift in Sources */,
				5D1235522A0A51B5000BD441 /* LoginViewController.swift in Sources */,
				5D1235622A0A59C4000BD441 /* WelcomeViewController.swift in Sources */,
				5D01E62C2A0FB00A00D12842 /* UserInfoViewController.swift in Sources */,
				5D12354E2A0A51B5000BD441 /* AppDelegate.swift in Sources */,
				5D1235502A0A51B5000BD441 /* SceneDelegate.swift in Sources */,
			);
			runOnlyForDeploymentPostprocessing = 0;
		};
/* End PBXSourcesBuildPhase section */

/* Begin PBXVariantGroup section */
		5D1235532A0A51B5000BD441 /* Main.storyboard */ = {
			isa = PBXVariantGroup;
			children = (
				5D1235542A0A51B5000BD441 /* Base */,
			);
			name = Main.storyboard;
			sourceTree = "<group>";
		};
		5D1235582A0A51B6000BD441 /* LaunchScreen.storyboard */ = {
			isa = PBXVariantGroup;
			children = (
				5D1235592A0A51B6000BD441 /* Base */,
			);
			name = LaunchScreen.storyboard;
			sourceTree = "<group>";
		};
/* End PBXVariantGroup section */

/* Begin XCBuildConfiguration section */
		5D12355C2A0A51B6000BD441 /* Debug */ = {
			isa = XCBuildConfiguration;
			buildSettings = {
				ALWAYS_SEARCH_USER_PATHS = NO;
				CLANG_ANALYZER_NONNULL = YES;
				CLANG_ANALYZER_NUMBER_OBJECT_CONVERSION = YES_AGGRESSIVE;
				CLANG_CXX_LANGUAGE_STANDARD = "gnu++20";
				CLANG_ENABLE_MODULES = YES;
				CLANG_ENABLE_OBJC_ARC = YES;
				CLANG_ENABLE_OBJC_WEAK = YES;
				CLANG_WARN_BLOCK_CAPTURE_AUTORELEASING = YES;
				CLANG_WARN_BOOL_CONVERSION = YES;
				CLANG_WARN_COMMA = YES;
				CLANG_WARN_CONSTANT_CONVERSION = YES;
				CLANG_WARN_DEPRECATED_OBJC_IMPLEMENTATIONS = YES;
				CLANG_WARN_DIRECT_OBJC_ISA_USAGE = YES_ERROR;
				CLANG_WARN_DOCUMENTATION_COMMENTS = YES;
				CLANG_WARN_EMPTY_BODY = YES;
				CLANG_WARN_ENUM_CONVERSION = YES;
				CLANG_WARN_INFINITE_RECURSION = YES;
				CLANG_WARN_INT_CONVERSION = YES;
				CLANG_WARN_NON_LITERAL_NULL_CONVERSION = YES;
				CLANG_WARN_OBJC_IMPLICIT_RETAIN_SELF = YES;
				CLANG_WARN_OBJC_LITERAL_CONVERSION = YES;
				CLANG_WARN_OBJC_ROOT_CLASS = YES_ERROR;
				CLANG_WARN_QUOTED_INCLUDE_IN_FRAMEWORK_HEADER = YES;
				CLANG_WARN_RANGE_LOOP_ANALYSIS = YES;
				CLANG_WARN_STRICT_PROTOTYPES = YES;
				CLANG_WARN_SUSPICIOUS_MOVE = YES;
				CLANG_WARN_UNGUARDED_AVAILABILITY = YES_AGGRESSIVE;
				CLANG_WARN_UNREACHABLE_CODE = YES;
				CLANG_WARN__DUPLICATE_METHOD_MATCH = YES;
				COPY_PHASE_STRIP = NO;
				DEBUG_INFORMATION_FORMAT = dwarf;
				ENABLE_STRICT_OBJC_MSGSEND = YES;
				ENABLE_TESTABILITY = YES;
				GCC_C_LANGUAGE_STANDARD = gnu11;
				GCC_DYNAMIC_NO_PIC = NO;
				GCC_NO_COMMON_BLOCKS = YES;
				GCC_OPTIMIZATION_LEVEL = 0;
				GCC_PREPROCESSOR_DEFINITIONS = (
					"DEBUG=1",
					"$(inherited)",
				);
				GCC_WARN_64_TO_32_BIT_CONVERSION = YES;
				GCC_WARN_ABOUT_RETURN_TYPE = YES_ERROR;
				GCC_WARN_UNDECLARED_SELECTOR = YES;
				GCC_WARN_UNINITIALIZED_AUTOS = YES_AGGRESSIVE;
				GCC_WARN_UNUSED_FUNCTION = YES;
				GCC_WARN_UNUSED_VARIABLE = YES;
				IPHONEOS_DEPLOYMENT_TARGET = 16.4;
				MTL_ENABLE_DEBUG_INFO = INCLUDE_SOURCE;
				MTL_FAST_MATH = YES;
				ONLY_ACTIVE_ARCH = YES;
				SDKROOT = iphoneos;
				SWIFT_ACTIVE_COMPILATION_CONDITIONS = DEBUG;
				SWIFT_OPTIMIZATION_LEVEL = "-Onone";
			};
			name = Debug;
		};
		5D12355D2A0A51B6000BD441 /* Release */ = {
			isa = XCBuildConfiguration;
			buildSettings = {
				ALWAYS_SEARCH_USER_PATHS = NO;
				CLANG_ANALYZER_NONNULL = YES;
				CLANG_ANALYZER_NUMBER_OBJECT_CONVERSION = YES_AGGRESSIVE;
				CLANG_CXX_LANGUAGE_STANDARD = "gnu++20";
				CLANG_ENABLE_MODULES = YES;
				CLANG_ENABLE_OBJC_ARC = YES;
				CLANG_ENABLE_OBJC_WEAK = YES;
				CLANG_WARN_BLOCK_CAPTURE_AUTORELEASING = YES;
				CLANG_WARN_BOOL_CONVERSION = YES;
				CLANG_WARN_COMMA = YES;
				CLANG_WARN_CONSTANT_CONVERSION = YES;
				CLANG_WARN_DEPRECATED_OBJC_IMPLEMENTATIONS = YES;
				CLANG_WARN_DIRECT_OBJC_ISA_USAGE = YES_ERROR;
				CLANG_WARN_DOCUMENTATION_COMMENTS = YES;
				CLANG_WARN_EMPTY_BODY = YES;
				CLANG_WARN_ENUM_CONVERSION = YES;
				CLANG_WARN_INFINITE_RECURSION = YES;
				CLANG_WARN_INT_CONVERSION = YES;
				CLANG_WARN_NON_LITERAL_NULL_CONVERSION = YES;
				CLANG_WARN_OBJC_IMPLICIT_RETAIN_SELF = YES;
				CLANG_WARN_OBJC_LITERAL_CONVERSION = YES;
				CLANG_WARN_OBJC_ROOT_CLASS = YES_ERROR;
				CLANG_WARN_QUOTED_INCLUDE_IN_FRAMEWORK_HEADER = YES;
				CLANG_WARN_RANGE_LOOP_ANALYSIS = YES;
				CLANG_WARN_STRICT_PROTOTYPES = YES;
				CLANG_WARN_SUSPICIOUS_MOVE = YES;
				CLANG_WARN_UNGUARDED_AVAILABILITY = YES_AGGRESSIVE;
				CLANG_WARN_UNREACHABLE_CODE = YES;
				CLANG_WARN__DUPLICATE_METHOD_MATCH = YES;
				COPY_PHASE_STRIP = NO;
				DEBUG_INFORMATION_FORMAT = "dwarf-with-dsym";
				ENABLE_NS_ASSERTIONS = NO;
				ENABLE_STRICT_OBJC_MSGSEND = YES;
				GCC_C_LANGUAGE_STANDARD = gnu11;
				GCC_NO_COMMON_BLOCKS = YES;
				GCC_WARN_64_TO_32_BIT_CONVERSION = YES;
				GCC_WARN_ABOUT_RETURN_TYPE = YES_ERROR;
				GCC_WARN_UNDECLARED_SELECTOR = YES;
				GCC_WARN_UNINITIALIZED_AUTOS = YES_AGGRESSIVE;
				GCC_WARN_UNUSED_FUNCTION = YES;
				GCC_WARN_UNUSED_VARIABLE = YES;
				IPHONEOS_DEPLOYMENT_TARGET = 16.4;
				MTL_ENABLE_DEBUG_INFO = NO;
				MTL_FAST_MATH = YES;
				SDKROOT = iphoneos;
				SWIFT_COMPILATION_MODE = wholemodule;
				SWIFT_OPTIMIZATION_LEVEL = "-O";
				VALIDATE_PRODUCT = YES;
			};
			name = Release;
		};
		5D12355F2A0A51B6000BD441 /* Debug */ = {
			isa = XCBuildConfiguration;
			buildSettings = {
				ASSETCATALOG_COMPILER_APPICON_NAME = AppIcon;
				ASSETCATALOG_COMPILER_GLOBAL_ACCENT_COLOR_NAME = AccentColor;
				CODE_SIGN_STYLE = Automatic;
				CURRENT_PROJECT_VERSION = 1;
				DEVELOPMENT_TEAM = U54N9MV9TR;
				GENERATE_INFOPLIST_FILE = YES;
				INFOPLIST_FILE = AboutMeApp/App/Info.plist;
				INFOPLIST_KEY_UIApplicationSupportsIndirectInputEvents = YES;
				INFOPLIST_KEY_UILaunchStoryboardName = LaunchScreen;
				INFOPLIST_KEY_UIMainStoryboardFile = Main;
				INFOPLIST_KEY_UISupportedInterfaceOrientations_iPad = "UIInterfaceOrientationPortrait UIInterfaceOrientationPortraitUpsideDown UIInterfaceOrientationLandscapeLeft UIInterfaceOrientationLandscapeRight";
				INFOPLIST_KEY_UISupportedInterfaceOrientations_iPhone = "UIInterfaceOrientationPortrait UIInterfaceOrientationLandscapeLeft UIInterfaceOrientationLandscapeRight";
				LD_RUNPATH_SEARCH_PATHS = (
					"$(inherited)",
					"@executable_path/Frameworks",
				);
				MARKETING_VERSION = 1.0;
				PRODUCT_BUNDLE_IDENTIFIER = "Egor-Kruglov.AboutMeApp";
				PRODUCT_NAME = "$(TARGET_NAME)";
				SWIFT_EMIT_LOC_STRINGS = YES;
				SWIFT_VERSION = 5.0;
				TARGETED_DEVICE_FAMILY = "1,2";
			};
			name = Debug;
		};
		5D1235602A0A51B6000BD441 /* Release */ = {
			isa = XCBuildConfiguration;
			buildSettings = {
				ASSETCATALOG_COMPILER_APPICON_NAME = AppIcon;
				ASSETCATALOG_COMPILER_GLOBAL_ACCENT_COLOR_NAME = AccentColor;
				CODE_SIGN_STYLE = Automatic;
				CURRENT_PROJECT_VERSION = 1;
				DEVELOPMENT_TEAM = U54N9MV9TR;
				GENERATE_INFOPLIST_FILE = YES;
				INFOPLIST_FILE = AboutMeApp/App/Info.plist;
				INFOPLIST_KEY_UIApplicationSupportsIndirectInputEvents = YES;
				INFOPLIST_KEY_UILaunchStoryboardName = LaunchScreen;
				INFOPLIST_KEY_UIMainStoryboardFile = Main;
				INFOPLIST_KEY_UISupportedInterfaceOrientations_iPad = "UIInterfaceOrientationPortrait UIInterfaceOrientationPortraitUpsideDown UIInterfaceOrientationLandscapeLeft UIInterfaceOrientationLandscapeRight";
				INFOPLIST_KEY_UISupportedInterfaceOrientations_iPhone = "UIInterfaceOrientationPortrait UIInterfaceOrientationLandscapeLeft UIInterfaceOrientationLandscapeRight";
				LD_RUNPATH_SEARCH_PATHS = (
					"$(inherited)",
					"@executable_path/Frameworks",
				);
				MARKETING_VERSION = 1.0;
				PRODUCT_BUNDLE_IDENTIFIER = "Egor-Kruglov.AboutMeApp";
				PRODUCT_NAME = "$(TARGET_NAME)";
				SWIFT_EMIT_LOC_STRINGS = YES;
				SWIFT_VERSION = 5.0;
				TARGETED_DEVICE_FAMILY = "1,2";
			};
			name = Release;
		};
/* End XCBuildConfiguration section */

/* Begin XCConfigurationList section */
		5D1235452A0A51B5000BD441 /* Build configuration list for PBXProject "AboutMeApp" */ = {
			isa = XCConfigurationList;
			buildConfigurations = (
				5D12355C2A0A51B6000BD441 /* Debug */,
				5D12355D2A0A51B6000BD441 /* Release */,
			);
			defaultConfigurationIsVisible = 0;
			defaultConfigurationName = Release;
		};
		5D12355E2A0A51B6000BD441 /* Build configuration list for PBXNativeTarget "AboutMeApp" */ = {
			isa = XCConfigurationList;
			buildConfigurations = (
				5D12355F2A0A51B6000BD441 /* Debug */,
				5D1235602A0A51B6000BD441 /* Release */,
			);
			defaultConfigurationIsVisible = 0;
			defaultConfigurationName = Release;
		};
/* End XCConfigurationList section */
	};
	rootObject = 5D1235422A0A51B5000BD441 /* Project object */;
}
